
Microsoft Visual Studio Solution File, Format Version 12.00
# Visual Studio Version 16
VisualStudioVersion = 16.0.31112.23
MinimumVisualStudioVersion = 10.0.40219.1
Project("{9A19103F-16F7-4668-BE54-9A1E7A4F7556}") = "KindleNotes", "KindleNotes\KindleNotes.csproj", "{DC89C240-C6C6-49A6-9FB4-8AD5E7D329FF}"
EndProject
Global
	GlobalSection(SolutionConfigurationPlatforms) = preSolution
		Debug|Any CPU = Debug|Any CPU
		Release|Any CPU = Release|Any CPU
	EndGlobalSection
	GlobalSection(ProjectConfigurationPlatforms) = postSolution
		{DC89C240-C6C6-49A6-9FB4-8AD5E7D329FF}.Debug|Any CPU.ActiveCfg = Debug|Any CPU
		{DC89C240-C6C6-49A6-9FB4-8AD5E7D329FF}.Debug|Any CPU.Build.0 = Debug|Any CPU
		{DC89C240-C6C6-49A6-9FB4-8AD5E7D329FF}.Release|Any CPU.ActiveCfg = Release|Any CPU
		{DC89C240-C6C6-49A6-9FB4-8AD5E7D329FF}.Release|Any CPU.Build.0 = Release|Any CPU
	EndGlobalSection
	GlobalSection(SolutionProperties) = preSolution
		HideSolutionNode = FALSE
	EndGlobalSection
	GlobalSection(ExtensibilityGlobals) = postSolution
		SolutionGuid = {F202165A-70C9-445A-B80F-10E2173B57FB}
	EndGlobalSection
EndGlobal
